{
  "name": "ColorMatch",
  "lockfileVersion": 3,
  "requires": true,
  "packages": {
    "": {
      "dependencies": {
        "color-diff": "^1.4.0",
        "color-name": "^2.0.0",
        "color-name-list": "^10.11.0",
        "fast-xml-parser": "^4.2.7",
        "xml-parser": "^1.2.1",
        "xml2js": "^0.6.2"
      }
    },
    "node_modules/color-diff": {
      "version": "1.4.0",
      "resolved": "https://registry.npmjs.org/color-diff/-/color-diff-1.4.0.tgz",
      "integrity": "sha512-4oDB/o78lNdppbaqrg0HjOp7pHmUc+dfCxWKWFnQg6AB/1dkjtBDop3RZht5386cq9xBUDRvDvSCA7WUlM9Jqw=="
    },
    "node_modules/color-name": {
      "version": "2.0.0",
      "resolved": "https://registry.npmjs.org/color-name/-/color-name-2.0.0.tgz",
      "integrity": "sha512-SbtvAMWvASO5TE2QP07jHBMXKafgdZz8Vrsrn96fiL+O92/FN/PLARzUW5sKt013fjAprK2d2iCn2hk2Xb5oow==",
      "engines": {
        "node": ">=12.20"
      }
    },
    "node_modules/color-name-list": {
      "version": "10.11.0",
      "resolved": "https://registry.npmjs.org/color-name-list/-/color-name-list-10.11.0.tgz",
      "integrity": "sha512-q+AybcqEyBzmcvW1QrS7I+1qYkRg+R7GM2dEZPhdfNmi4R1ZjXFm7H670mhjT067ufIYNf3HEThnn8I+x2R5yA==",
      "engines": {
        "node": ">=16",
        "npm": ">=8.11.0"
      }
    },
    "node_modules/debug": {
      "version": "2.6.9",
      "resolved": "https://registry.npmjs.org/debug/-/debug-2.6.9.tgz",
      "integrity": "sha512-bC7ElrdJaJnPbAP+1EotYvqZsb3ecl5wi6Bfi6BJTUcNowp6cvspg0jXznRTKDjm/E7AdgFBVeAPVMNcKGsHMA==",
      "dependencies": {
        "ms": "2.0.0"
      }
    },
    "node_modules/fast-xml-parser": {
      "version": "4.2.7",
      "resolved": "https://registry.npmjs.org/fast-xml-parser/-/fast-xml-parser-4.2.7.tgz",
      "integrity": "sha512-J8r6BriSLO1uj2miOk1NW0YVm8AGOOu3Si2HQp/cSmo6EA4m3fcwu2WKjJ4RK9wMLBtg69y1kS8baDiQBR41Ig==",
      "funding": [
        {
          "type": "paypal",
          "url": "https://paypal.me/naturalintelligence"
        },
        {
          "type": "github",
          "url": "https://github.com/sponsors/NaturalIntelligence"
        }
      ],
      "dependencies": {
        "strnum": "^1.0.5"
      },
      "bin": {
        "fxparser": "src/cli/cli.js"
      }
    },
    "node_modules/ms": {
      "version": "2.0.0",
      "resolved": "https://registry.npmjs.org/ms/-/ms-2.0.0.tgz",
      "integrity": "sha512-Tpp60P6IUJDTuOq/5Z8cdskzJujfwqfOTkrwIwj7IRISpnkJnT6SyJ4PCPnGMoFjC9ddhal5KVIYtAt97ix05A=="
    },
    "node_modules/sax": {
      "version": "1.2.4",
      "resolved": "https://registry.npmjs.org/sax/-/sax-1.2.4.tgz",
      "integrity": "sha512-NqVDv9TpANUjFm0N8uM5GxL36UgKi9/atZw+x7YFnQ8ckwFGKrl4xX4yWtrey3UJm5nP1kUbnYgLopqWNSRhWw=="
    },
    "node_modules/strnum": {
      "version": "1.0.5",
      "resolved": "https://registry.npmjs.org/strnum/-/strnum-1.0.5.tgz",
      "integrity": "sha512-J8bbNyKKXl5qYcR36TIO8W3mVGVHrmmxsd5PAItGkmyzwJvybiw2IVq5nqd0i4LSNSkB/sx9VHllbfFdr9k1JA=="
    },
    "node_modules/xml-parser": {
      "version": "1.2.1",
      "resolved": "https://registry.npmjs.org/xml-parser/-/xml-parser-1.2.1.tgz",
      "integrity": "sha512-lPUzzmS0zdwcNtyNndCl2IwH172ozkUDqmfmH3FcuDzHVl552Kr6oNfsvteHabqTWhsrMgpijqZ/yT7Wo1/Pzw==",
      "dependencies": {
        "debug": "^2.2.0"
      }
    },
    "node_modules/xml2js": {
      "version": "0.6.2",
      "resolved": "https://registry.npmjs.org/xml2js/-/xml2js-0.6.2.tgz",
      "integrity": "sha512-T4rieHaC1EXcES0Kxxj4JWgaUQHDk+qwHcYOCFHfiwKz7tOVPLq7Hjq9dM1WCMhylqMEfP7hMcOIChvotiZegA==",
      "dependencies": {
        "sax": ">=0.6.0",
        "xmlbuilder": "~11.0.0"
      },
      "engines": {
        "node": ">=4.0.0"
      }
    },
    "node_modules/xmlbuilder": {
      "version": "11.0.1",
      "resolved": "https://registry.npmjs.org/xmlbuilder/-/xmlbuilder-11.0.1.tgz",
      "integrity": "sha512-fDlsI/kFEx7gLvbecc0/ohLG50fugQp8ryHzMTuW9vSa1GJ0XYWKnhsUx7oie3G98+r56aTQIUB4kht42R3JvA==",
      "engines": {
        "node": ">=4.0"
      }
    }
  }
}
